
Microsoft Visual Studio Solution File, Format Version 12.00
# Visual Studio 15
VisualStudioVersion = 15.0.26124.0
MinimumVisualStudioVersion = 15.0.26124.0
Project("{FAE04EC0-301F-11D3-BF4B-00C04F79EFBC}") = "lib1", "lib1\lib1.csproj", "{2E40D164-D19B-4556-9B7B-A99449AD9CB5}"
EndProject
Project("{FAE04EC0-301F-11D3-BF4B-00C04F79EFBC}") = "lib1.tests", "lib1.tests\lib1.tests.csproj", "{CDB24AD8-AAD3-41EA-9886-E73EF8956458}"
EndProject
Global
	GlobalSection(SolutionConfigurationPlatforms) = preSolution
		Debug|Any CPU = Debug|Any CPU
		Debug|x64 = Debug|x64
		Debug|x86 = Debug|x86
		Release|Any CPU = Release|Any CPU
		Release|x64 = Release|x64
		Release|x86 = Release|x86
	EndGlobalSection
	GlobalSection(SolutionProperties) = preSolution
		HideSolutionNode = FALSE
	EndGlobalSection
	GlobalSection(ProjectConfigurationPlatforms) = postSolution
		{2E40D164-D19B-4556-9B7B-A99449AD9CB5}.Debug|Any CPU.ActiveCfg = Debug|Any CPU
		{2E40D164-D19B-4556-9B7B-A99449AD9CB5}.Debug|Any CPU.Build.0 = Debug|Any CPU
		{2E40D164-D19B-4556-9B7B-A99449AD9CB5}.Debug|x64.ActiveCfg = Debug|Any CPU
		{2E40D164-D19B-4556-9B7B-A99449AD9CB5}.Debug|x64.Build.0 = Debug|Any CPU
		{2E40D164-D19B-4556-9B7B-A99449AD9CB5}.Debug|x86.ActiveCfg = Debug|Any CPU
		{2E40D164-D19B-4556-9B7B-A99449AD9CB5}.Debug|x86.Build.0 = Debug|Any CPU
		{2E40D164-D19B-4556-9B7B-A99449AD9CB5}.Release|Any CPU.ActiveCfg = Release|Any CPU
		{2E40D164-D19B-4556-9B7B-A99449AD9CB5}.Release|Any CPU.Build.0 = Release|Any CPU
		{2E40D164-D19B-4556-9B7B-A99449AD9CB5}.Release|x64.ActiveCfg = Release|Any CPU
		{2E40D164-D19B-4556-9B7B-A99449AD9CB5}.Release|x64.Build.0 = Release|Any CPU
		{2E40D164-D19B-4556-9B7B-A99449AD9CB5}.Release|x86.ActiveCfg = Release|Any CPU
		{2E40D164-D19B-4556-9B7B-A99449AD9CB5}.Release|x86.Build.0 = Release|Any CPU
		{CDB24AD8-AAD3-41EA-9886-E73EF8956458}.Debug|Any CPU.ActiveCfg = Debug|Any CPU
		{CDB24AD8-AAD3-41EA-9886-E73EF8956458}.Debug|Any CPU.Build.0 = Debug|Any CPU
		{CDB24AD8-AAD3-41EA-9886-E73EF8956458}.Debug|x64.ActiveCfg = Debug|Any CPU
		{CDB24AD8-AAD3-41EA-9886-E73EF8956458}.Debug|x64.Build.0 = Debug|Any CPU
		{CDB24AD8-AAD3-41EA-9886-E73EF8956458}.Debug|x86.ActiveCfg = Debug|Any CPU
		{CDB24AD8-AAD3-41EA-9886-E73EF8956458}.Debug|x86.Build.0 = Debug|Any CPU
		{CDB24AD8-AAD3-41EA-9886-E73EF8956458}.Release|Any CPU.ActiveCfg = Release|Any CPU
		{CDB24AD8-AAD3-41EA-9886-E73EF8956458}.Release|Any CPU.Build.0 = Release|Any CPU
		{CDB24AD8-AAD3-41EA-9886-E73EF8956458}.Release|x64.ActiveCfg = Release|Any CPU
		{CDB24AD8-AAD3-41EA-9886-E73EF8956458}.Release|x64.Build.0 = Release|Any CPU
		{CDB24AD8-AAD3-41EA-9886-E73EF8956458}.Release|x86.ActiveCfg = Release|Any CPU
		{CDB24AD8-AAD3-41EA-9886-E73EF8956458}.Release|x86.Build.0 = Release|Any CPU
	EndGlobalSection
EndGlobal
